
Microsoft Visual Studio Solution File, Format Version 12.00
# Visual Studio Version 16
VisualStudioVersion = 16.0.29503.13
MinimumVisualStudioVersion = 10.0.40219.1
Project("{FAE04EC0-301F-11D3-BF4B-00C04F79EFBC}") = "MovieRental", "MovieRental\MovieRental.csproj", "{7CB18177-CF3E-4FC9-A313-4172F0808EC2}"
EndProject
Global
	GlobalSection(SolutionConfigurationPlatforms) = preSolution
		Debug|Any CPU = Debug|Any CPU
		Release|Any CPU = Release|Any CPU
	EndGlobalSection
	GlobalSection(ProjectConfigurationPlatforms) = postSolution
		{7CB18177-CF3E-4FC9-A313-4172F0808EC2}.Debug|Any CPU.ActiveCfg = Debug|Any CPU
		{7CB18177-CF3E-4FC9-A313-4172F0808EC2}.Debug|Any CPU.Build.0 = Debug|Any CPU
		{7CB18177-CF3E-4FC9-A313-4172F0808EC2}.Release|Any CPU.ActiveCfg = Release|Any CPU
		{7CB18177-CF3E-4FC9-A313-4172F0808EC2}.Release|Any CPU.Build.0 = Release|Any CPU
	EndGlobalSection
	GlobalSection(SolutionProperties) = preSolution
		HideSolutionNode = FALSE
	EndGlobalSection
	GlobalSection(ExtensibilityGlobals) = postSolution
		SolutionGuid = {B3745766-8C71-4662-A567-528795E51147}
	EndGlobalSection
EndGlobal
